
Microsoft Visual Studio Solution File, Format Version 12.00
# Visual Studio Version 17
VisualStudioVersion = 17.5.33627.172
MinimumVisualStudioVersion = 10.0.40219.1
Project("{FAE04EC0-301F-11D3-BF4B-00C04F79EFBC}") = "MStart", "MStart\MStart.csproj", "{1B1D73D6-C9FB-4405-8654-256C79E45EE4}"
EndProject
Global
	GlobalSection(SolutionConfigurationPlatforms) = preSolution
		Debug|Any CPU = Debug|Any CPU
		Release|Any CPU = Release|Any CPU
	EndGlobalSection
	GlobalSection(ProjectConfigurationPlatforms) = postSolution
		{1B1D73D6-C9FB-4405-8654-256C79E45EE4}.Debug|Any CPU.ActiveCfg = Debug|Any CPU
		{1B1D73D6-C9FB-4405-8654-256C79E45EE4}.Debug|Any CPU.Build.0 = Debug|Any CPU
		{1B1D73D6-C9FB-4405-8654-256C79E45EE4}.Release|Any CPU.ActiveCfg = Release|Any CPU
		{1B1D73D6-C9FB-4405-8654-256C79E45EE4}.Release|Any CPU.Build.0 = Release|Any CPU
	EndGlobalSection
	GlobalSection(SolutionProperties) = preSolution
		HideSolutionNode = FALSE
	EndGlobalSection
	GlobalSection(ExtensibilityGlobals) = postSolution
		SolutionGuid = {F0FC0AA9-3800-4B35-AFF1-B872AFA71CC2}
	EndGlobalSection
EndGlobal
